
Microsoft Visual Studio Solution File, Format Version 12.00
# Visual Studio 2013
VisualStudioVersion = 12.0.21005.1
MinimumVisualStudioVersion = 10.0.40219.1
Project("{8BC9CEB8-8B4A-11D0-8D11-00A0C91BC942}") = "三子棋", "三子棋\三子棋.vcxproj", "{AE90B8B3-3BF7-4484-B424-CE89A64C8A67}"
EndProject
Global
	GlobalSection(SolutionConfigurationPlatforms) = preSolution
		Debug|Win32 = Debug|Win32
		Release|Win32 = Release|Win32
	EndGlobalSection
	GlobalSection(ProjectConfigurationPlatforms) = postSolution
		{AE90B8B3-3BF7-4484-B424-CE89A64C8A67}.Debug|Win32.ActiveCfg = Debug|Win32
		{AE90B8B3-3BF7-4484-B424-CE89A64C8A67}.Debug|Win32.Build.0 = Debug|Win32
		{AE90B8B3-3BF7-4484-B424-CE89A64C8A67}.Release|Win32.ActiveCfg = Release|Win32
		{AE90B8B3-3BF7-4484-B424-CE89A64C8A67}.Release|Win32.Build.0 = Release|Win32
	EndGlobalSection
	GlobalSection(SolutionProperties) = preSolution
		HideSolutionNode = FALSE
	EndGlobalSection
EndGlobal
